
Microsoft Visual Studio Solution File, Format Version 12.00
# Visual Studio 15
Project("{FAE04EC0-301F-11D3-BF4B-00C04F79EFBC}") = "Unity.StarterAssets", "Unity.StarterAssets.csproj", "{40372098-6DCF-9688-C102-ACF2E6AA10A1}"
EndProject
Project("{FAE04EC0-301F-11D3-BF4B-00C04F79EFBC}") = "Assembly-CSharp", "Assembly-CSharp.csproj", "{7BEDA7BF-E63F-971D-68D1-EF713C702F95}"
EndProject
Project("{FAE04EC0-301F-11D3-BF4B-00C04F79EFBC}") = "Unity.StarterAssets.Editor", "Unity.StarterAssets.Editor.csproj", "{DD5AE482-AB41-A33E-9235-52B1818EDE47}"
EndProject
Project("{FAE04EC0-301F-11D3-BF4B-00C04F79EFBC}") = "Unity.[YourPackageName].[SubGroup].Editor.Tests", "Unity.[YourPackageName].[SubGroup].Editor.Tests.csproj", "{879EB033-BE7B-3E7C-AD57-86717ECD8A72}"
EndProject
Project("{FAE04EC0-301F-11D3-BF4B-00C04F79EFBC}") = "Unity.[YourPackageName].[SubGroup].Tests", "Unity.[YourPackageName].[SubGroup].Tests.csproj", "{47CDD976-6D2A-16E6-4009-44296B95BDFF}"
EndProject
Project("{FAE04EC0-301F-11D3-BF4B-00C04F79EFBC}") = "URPWizard", "URPWizard.csproj", "{38B53B96-5031-445A-90A5-698B2C534529}"
EndProject
Global
	GlobalSection(SolutionConfigurationPlatforms) = preSolution
		Debug|Any CPU = Debug|Any CPU
		Release|Any CPU = Release|Any CPU
	EndGlobalSection
	GlobalSection(ProjectConfigurationPlatforms) = postSolution
		{40372098-6DCF-9688-C102-ACF2E6AA10A1}.Debug|Any CPU.ActiveCfg = Debug|Any CPU
		{40372098-6DCF-9688-C102-ACF2E6AA10A1}.Debug|Any CPU.Build.0 = Debug|Any CPU
		{40372098-6DCF-9688-C102-ACF2E6AA10A1}.Release|Any CPU.ActiveCfg = Release|Any CPU
		{40372098-6DCF-9688-C102-ACF2E6AA10A1}.Release|Any CPU.Build.0 = Release|Any CPU
		{7BEDA7BF-E63F-971D-68D1-EF713C702F95}.Debug|Any CPU.ActiveCfg = Debug|Any CPU
		{7BEDA7BF-E63F-971D-68D1-EF713C702F95}.Debug|Any CPU.Build.0 = Debug|Any CPU
		{7BEDA7BF-E63F-971D-68D1-EF713C702F95}.Release|Any CPU.ActiveCfg = Release|Any CPU
		{7BEDA7BF-E63F-971D-68D1-EF713C702F95}.Release|Any CPU.Build.0 = Release|Any CPU
		{DD5AE482-AB41-A33E-9235-52B1818EDE47}.Debug|Any CPU.ActiveCfg = Debug|Any CPU
		{DD5AE482-AB41-A33E-9235-52B1818EDE47}.Debug|Any CPU.Build.0 = Debug|Any CPU
		{DD5AE482-AB41-A33E-9235-52B1818EDE47}.Release|Any CPU.ActiveCfg = Release|Any CPU
		{DD5AE482-AB41-A33E-9235-52B1818EDE47}.Release|Any CPU.Build.0 = Release|Any CPU
		{879EB033-BE7B-3E7C-AD57-86717ECD8A72}.Debug|Any CPU.ActiveCfg = Debug|Any CPU
		{879EB033-BE7B-3E7C-AD57-86717ECD8A72}.Debug|Any CPU.Build.0 = Debug|Any CPU
		{879EB033-BE7B-3E7C-AD57-86717ECD8A72}.Release|Any CPU.ActiveCfg = Release|Any CPU
		{879EB033-BE7B-3E7C-AD57-86717ECD8A72}.Release|Any CPU.Build.0 = Release|Any CPU
		{47CDD976-6D2A-16E6-4009-44296B95BDFF}.Debug|Any CPU.ActiveCfg = Debug|Any CPU
		{47CDD976-6D2A-16E6-4009-44296B95BDFF}.Debug|Any CPU.Build.0 = Debug|Any CPU
		{47CDD976-6D2A-16E6-4009-44296B95BDFF}.Release|Any CPU.ActiveCfg = Release|Any CPU
		{47CDD976-6D2A-16E6-4009-44296B95BDFF}.Release|Any CPU.Build.0 = Release|Any CPU
		{38B53B96-5031-445A-90A5-698B2C534529}.Debug|Any CPU.ActiveCfg = Debug|Any CPU
		{38B53B96-5031-445A-90A5-698B2C534529}.Debug|Any CPU.Build.0 = Debug|Any CPU
		{38B53B96-5031-445A-90A5-698B2C534529}.Release|Any CPU.ActiveCfg = Release|Any CPU
		{38B53B96-5031-445A-90A5-698B2C534529}.Release|Any CPU.Build.0 = Release|Any CPU
	EndGlobalSection
	GlobalSection(SolutionProperties) = preSolution
		HideSolutionNode = FALSE
	EndGlobalSection
EndGlobal
